
Microsoft Visual Studio Solution File, Format Version 12.00
# Visual Studio Version 17
VisualStudioVersion = 17.5.002.0
MinimumVisualStudioVersion = 10.0.40219.1
Project("{9A19103F-16F7-4668-BE54-9A1E7A4F7556}") = "dotnet-bank-c12", "dotnet-bank-c12.csproj", "{914D5B20-C983-4A73-A77F-546A144ED76F}"
EndProject
Global
	GlobalSection(SolutionConfigurationPlatforms) = preSolution
		Debug|Any CPU = Debug|Any CPU
		Release|Any CPU = Release|Any CPU
	EndGlobalSection
	GlobalSection(ProjectConfigurationPlatforms) = postSolution
		{914D5B20-C983-4A73-A77F-546A144ED76F}.Debug|Any CPU.ActiveCfg = Debug|Any CPU
		{914D5B20-C983-4A73-A77F-546A144ED76F}.Debug|Any CPU.Build.0 = Debug|Any CPU
		{914D5B20-C983-4A73-A77F-546A144ED76F}.Release|Any CPU.ActiveCfg = Release|Any CPU
		{914D5B20-C983-4A73-A77F-546A144ED76F}.Release|Any CPU.Build.0 = Release|Any CPU
	EndGlobalSection
	GlobalSection(SolutionProperties) = preSolution
		HideSolutionNode = FALSE
	EndGlobalSection
	GlobalSection(ExtensibilityGlobals) = postSolution
		SolutionGuid = {299DF40F-6108-46B0-992B-2238F1963921}
	EndGlobalSection
EndGlobal
